
Microsoft Visual Studio Solution File, Format Version 12.00
# Visual Studio Version 17
VisualStudioVersion = 17.10.34928.147
MinimumVisualStudioVersion = 10.0.40219.1
Project("{FAE04EC0-301F-11D3-BF4B-00C04F79EFBC}") = "UserMicroService", "UserMicroService\UserMicroService.csproj", "{C1AAB0ED-AA3C-47AE-9B2C-3632A0F97151}"
EndProject
Global
	GlobalSection(SolutionConfigurationPlatforms) = preSolution
		Debug|Any CPU = Debug|Any CPU
		Release|Any CPU = Release|Any CPU
	EndGlobalSection
	GlobalSection(ProjectConfigurationPlatforms) = postSolution
		{C1AAB0ED-AA3C-47AE-9B2C-3632A0F97151}.Debug|Any CPU.ActiveCfg = Debug|Any CPU
		{C1AAB0ED-AA3C-47AE-9B2C-3632A0F97151}.Debug|Any CPU.Build.0 = Debug|Any CPU
		{C1AAB0ED-AA3C-47AE-9B2C-3632A0F97151}.Release|Any CPU.ActiveCfg = Release|Any CPU
		{C1AAB0ED-AA3C-47AE-9B2C-3632A0F97151}.Release|Any CPU.Build.0 = Release|Any CPU
	EndGlobalSection
	GlobalSection(SolutionProperties) = preSolution
		HideSolutionNode = FALSE
	EndGlobalSection
	GlobalSection(ExtensibilityGlobals) = postSolution
		SolutionGuid = {F03F7C1F-CCD3-408D-B9A9-505557C5FDC1}
	EndGlobalSection
EndGlobal
